
Microsoft Visual Studio Solution File, Format Version 12.00
# Visual Studio Version 16
VisualStudioVersion = 16.0.31729.503
MinimumVisualStudioVersion = 10.0.40219.1
Project("{FAE04EC0-301F-11D3-BF4B-00C04F79EFBC}") = "WebPage.DAL", "WebPage.DAL\WebPage.DAL.csproj", "{9A555A0E-C928-4784-AC5C-E6D0A825827F}"
EndProject
Project("{9A19103F-16F7-4668-BE54-9A1E7A4F7556}") = "WebPage.API", "WebPage.API\WebPage.API.csproj", "{64E3F7B3-9BFE-4C7A-949E-05AFFCB33E8F}"
	ProjectSection(ProjectDependencies) = postProject
		{9A555A0E-C928-4784-AC5C-E6D0A825827F} = {9A555A0E-C928-4784-AC5C-E6D0A825827F}
		{094F12C2-5606-4176-9B1A-768E9DE76342} = {094F12C2-5606-4176-9B1A-768E9DE76342}
	EndProjectSection
EndProject
Project("{9A19103F-16F7-4668-BE54-9A1E7A4F7556}") = "WebPage.Infrastructure", "WebPage.Infrastructure\WebPage.Infrastructure.csproj", "{AFFC08B6-DF7A-49CE-BACE-544F633E91F8}"
	ProjectSection(ProjectDependencies) = postProject
		{094F12C2-5606-4176-9B1A-768E9DE76342} = {094F12C2-5606-4176-9B1A-768E9DE76342}
	EndProjectSection
EndProject
Project("{2150E333-8FDC-42A3-9474-1A3956D46DE8}") = "Other", "Other", "{E8E6CBA9-DBE9-492B-809B-DE877B831145}"
EndProject
Project("{2150E333-8FDC-42A3-9474-1A3956D46DE8}") = "CshBasics", "CshBasics", "{1AAB27E4-BC8E-423F-9072-21BA90A73A6B}"
EndProject
Project("{9A19103F-16F7-4668-BE54-9A1E7A4F7556}") = "As_1", "Other\Assginments\As_1\As_1.csproj", "{3F82448E-93A1-4F1B-98EB-CF2C27F4FBE8}"
EndProject
Project("{2150E333-8FDC-42A3-9474-1A3956D46DE8}") = "Git", "Git", "{2615AD23-66AF-411D-AA8A-B51D00E6766E}"
EndProject
Project("{9A19103F-16F7-4668-BE54-9A1E7A4F7556}") = "AEHAD", "AEHAD\AEHAD.csproj", "{37CC8607-1973-4544-9FCC-F6E1F798ACA3}"
EndProject
Project("{2150E333-8FDC-42A3-9474-1A3956D46DE8}") = "AEHAD", "AEHAD", "{74C0A5AD-7971-4C70-9A2D-62FD7F747EEA}"
EndProject
Project("{2150E333-8FDC-42A3-9474-1A3956D46DE8}") = "WebPage.Tests", "WebPage.Tests", "{99D181F1-854D-46FC-AE9E-1B55DDE577A6}"
EndProject
Project("{FAE04EC0-301F-11D3-BF4B-00C04F79EFBC}") = "ArticleControllerTests", "ArticleControllerTests\ArticleControllerTests.csproj", "{239424A1-90D3-4424-8107-49BFA082C021}"
EndProject
Project("{FAE04EC0-301F-11D3-BF4B-00C04F79EFBC}") = "WebPage.Services", "WebPage.Services\WebPage.Services.csproj", "{D9A0FFFE-A1E4-43B0-8875-655D0A0DB231}"
EndProject
Project("{FAE04EC0-301F-11D3-BF4B-00C04F79EFBC}") = "WebPage.Domain", "WebPage.Domain\WebPage.Domain.csproj", "{838C7BB4-E856-4C56-8C47-B6B404C802FC}"
EndProject
Global
	GlobalSection(SolutionConfigurationPlatforms) = preSolution
		Debug|Any CPU = Debug|Any CPU
		Release|Any CPU = Release|Any CPU
	EndGlobalSection
	GlobalSection(ProjectConfigurationPlatforms) = postSolution
		{9A555A0E-C928-4784-AC5C-E6D0A825827F}.Debug|Any CPU.ActiveCfg = Debug|Any CPU
		{9A555A0E-C928-4784-AC5C-E6D0A825827F}.Debug|Any CPU.Build.0 = Debug|Any CPU
		{9A555A0E-C928-4784-AC5C-E6D0A825827F}.Release|Any CPU.ActiveCfg = Release|Any CPU
		{9A555A0E-C928-4784-AC5C-E6D0A825827F}.Release|Any CPU.Build.0 = Release|Any CPU
		{64E3F7B3-9BFE-4C7A-949E-05AFFCB33E8F}.Debug|Any CPU.ActiveCfg = Debug|Any CPU
		{64E3F7B3-9BFE-4C7A-949E-05AFFCB33E8F}.Debug|Any CPU.Build.0 = Debug|Any CPU
		{64E3F7B3-9BFE-4C7A-949E-05AFFCB33E8F}.Release|Any CPU.ActiveCfg = Release|Any CPU
		{64E3F7B3-9BFE-4C7A-949E-05AFFCB33E8F}.Release|Any CPU.Build.0 = Release|Any CPU
		{AFFC08B6-DF7A-49CE-BACE-544F633E91F8}.Debug|Any CPU.ActiveCfg = Debug|Any CPU
		{AFFC08B6-DF7A-49CE-BACE-544F633E91F8}.Debug|Any CPU.Build.0 = Debug|Any CPU
		{AFFC08B6-DF7A-49CE-BACE-544F633E91F8}.Release|Any CPU.ActiveCfg = Release|Any CPU
		{AFFC08B6-DF7A-49CE-BACE-544F633E91F8}.Release|Any CPU.Build.0 = Release|Any CPU
		{3F82448E-93A1-4F1B-98EB-CF2C27F4FBE8}.Debug|Any CPU.ActiveCfg = Debug|Any CPU
		{3F82448E-93A1-4F1B-98EB-CF2C27F4FBE8}.Debug|Any CPU.Build.0 = Debug|Any CPU
		{3F82448E-93A1-4F1B-98EB-CF2C27F4FBE8}.Release|Any CPU.ActiveCfg = Release|Any CPU
		{3F82448E-93A1-4F1B-98EB-CF2C27F4FBE8}.Release|Any CPU.Build.0 = Release|Any CPU
		{37CC8607-1973-4544-9FCC-F6E1F798ACA3}.Debug|Any CPU.ActiveCfg = Debug|Any CPU
		{37CC8607-1973-4544-9FCC-F6E1F798ACA3}.Debug|Any CPU.Build.0 = Debug|Any CPU
		{37CC8607-1973-4544-9FCC-F6E1F798ACA3}.Release|Any CPU.ActiveCfg = Release|Any CPU
		{37CC8607-1973-4544-9FCC-F6E1F798ACA3}.Release|Any CPU.Build.0 = Release|Any CPU
		{239424A1-90D3-4424-8107-49BFA082C021}.Debug|Any CPU.ActiveCfg = Debug|Any CPU
		{239424A1-90D3-4424-8107-49BFA082C021}.Debug|Any CPU.Build.0 = Debug|Any CPU
		{239424A1-90D3-4424-8107-49BFA082C021}.Release|Any CPU.ActiveCfg = Release|Any CPU
		{239424A1-90D3-4424-8107-49BFA082C021}.Release|Any CPU.Build.0 = Release|Any CPU
		{D9A0FFFE-A1E4-43B0-8875-655D0A0DB231}.Debug|Any CPU.ActiveCfg = Debug|Any CPU
		{D9A0FFFE-A1E4-43B0-8875-655D0A0DB231}.Debug|Any CPU.Build.0 = Debug|Any CPU
		{D9A0FFFE-A1E4-43B0-8875-655D0A0DB231}.Release|Any CPU.ActiveCfg = Release|Any CPU
		{D9A0FFFE-A1E4-43B0-8875-655D0A0DB231}.Release|Any CPU.Build.0 = Release|Any CPU
		{838C7BB4-E856-4C56-8C47-B6B404C802FC}.Debug|Any CPU.ActiveCfg = Debug|Any CPU
		{838C7BB4-E856-4C56-8C47-B6B404C802FC}.Debug|Any CPU.Build.0 = Debug|Any CPU
		{838C7BB4-E856-4C56-8C47-B6B404C802FC}.Release|Any CPU.ActiveCfg = Release|Any CPU
		{838C7BB4-E856-4C56-8C47-B6B404C802FC}.Release|Any CPU.Build.0 = Release|Any CPU
	EndGlobalSection
	GlobalSection(SolutionProperties) = preSolution
		HideSolutionNode = FALSE
	EndGlobalSection
	GlobalSection(NestedProjects) = preSolution
		{1AAB27E4-BC8E-423F-9072-21BA90A73A6B} = {E8E6CBA9-DBE9-492B-809B-DE877B831145}
		{3F82448E-93A1-4F1B-98EB-CF2C27F4FBE8} = {1AAB27E4-BC8E-423F-9072-21BA90A73A6B}
		{2615AD23-66AF-411D-AA8A-B51D00E6766E} = {E8E6CBA9-DBE9-492B-809B-DE877B831145}
		{37CC8607-1973-4544-9FCC-F6E1F798ACA3} = {74C0A5AD-7971-4C70-9A2D-62FD7F747EEA}
		{74C0A5AD-7971-4C70-9A2D-62FD7F747EEA} = {E8E6CBA9-DBE9-492B-809B-DE877B831145}
		{239424A1-90D3-4424-8107-49BFA082C021} = {99D181F1-854D-46FC-AE9E-1B55DDE577A6}
	EndGlobalSection
	GlobalSection(ExtensibilityGlobals) = postSolution
		SolutionGuid = {17998400-5BA1-4300-BE51-8CAC73632D49}
	EndGlobalSection
EndGlobal
